
Microsoft Visual Studio Solution File, Format Version 12.00
# Visual Studio Version 17
VisualStudioVersion = 17.0.31903.59
MinimumVisualStudioVersion = 10.0.40219.1
Project("{2150E333-8FDC-42A3-9474-1A3956D46DE8}") = "src", "src", "{9CC12A27-843E-4105-9EB9-970848AC2EAC}"
EndProject
Project("{9A19103F-16F7-4668-BE54-9A1E7A4F7556}") = "EventAPI", "src\event.api\EventAPI.csproj", "{F51AB387-E602-4FF5-B76F-371E16357090}"
EndProject
Project("{2150E333-8FDC-42A3-9474-1A3956D46DE8}") = "Solution Items", "Solution Items", "{3B277B15-566D-4F4A-BFA5-8884C6BD7D5F}"
	ProjectSection(SolutionItems) = preProject
		.gitignore = .gitignore
		compose.yml = compose.yml
	EndProjectSection
EndProject
Global
	GlobalSection(SolutionConfigurationPlatforms) = preSolution
		Debug|Any CPU = Debug|Any CPU
		Release|Any CPU = Release|Any CPU
	EndGlobalSection
	GlobalSection(ProjectConfigurationPlatforms) = postSolution
		{F51AB387-E602-4FF5-B76F-371E16357090}.Debug|Any CPU.ActiveCfg = Debug|Any CPU
		{F51AB387-E602-4FF5-B76F-371E16357090}.Debug|Any CPU.Build.0 = Debug|Any CPU
		{F51AB387-E602-4FF5-B76F-371E16357090}.Release|Any CPU.ActiveCfg = Release|Any CPU
		{F51AB387-E602-4FF5-B76F-371E16357090}.Release|Any CPU.Build.0 = Release|Any CPU
	EndGlobalSection
	GlobalSection(SolutionProperties) = preSolution
		HideSolutionNode = FALSE
	EndGlobalSection
	GlobalSection(NestedProjects) = preSolution
		{F51AB387-E602-4FF5-B76F-371E16357090} = {9CC12A27-843E-4105-9EB9-970848AC2EAC}
	EndGlobalSection
EndGlobal
